{
  "name": "clasp-kit",
  "version": "0.1.0",
  "lockfileVersion": 3,
  "requires": true,
  "packages": {
    "": {
      "name": "clasp-kit",
      "version": "0.1.0",
      "license": "MIT",
      "bin": {
        "clasp-init": "src/cli.js",
        "clasp-kit": "src/cli.js"
      },
      "engines": {
        "node": ">=18"
      },
      "peerDependencies": {
        "@google/clasp": ">=2"
      },
      "peerDependenciesMeta": {
        "@google/clasp": {
          "optional": true
        }
      }
    }
  }
}
